
Microsoft Visual Studio Solution File, Format Version 12.00
# Visual Studio Version 17
VisualStudioVersion = 17.9.34728.123
MinimumVisualStudioVersion = 10.0.40219.1
Project("{FAE04EC0-301F-11D3-BF4B-00C04F79EFBC}") = "Rugal.JsStore", "Rugal.JsStore\Rugal.JsStore.csproj", "{48712A02-645B-47E7-8089-4837F2B740B3}"
EndProject
Project("{FAE04EC0-301F-11D3-BF4B-00C04F79EFBC}") = "Rugal.JsStore.Test", "Rugal.JsStore.Test\Rugal.JsStore.Test.csproj", "{5A99D285-1C9E-4E3D-B2B8-B1940695CF62}"
EndProject
Global
	GlobalSection(SolutionConfigurationPlatforms) = preSolution
		Debug|Any CPU = Debug|Any CPU
		Release|Any CPU = Release|Any CPU
	EndGlobalSection
	GlobalSection(ProjectConfigurationPlatforms) = postSolution
		{48712A02-645B-47E7-8089-4837F2B740B3}.Debug|Any CPU.ActiveCfg = Debug|Any CPU
		{48712A02-645B-47E7-8089-4837F2B740B3}.Debug|Any CPU.Build.0 = Debug|Any CPU
		{48712A02-645B-47E7-8089-4837F2B740B3}.Release|Any CPU.ActiveCfg = Release|Any CPU
		{48712A02-645B-47E7-8089-4837F2B740B3}.Release|Any CPU.Build.0 = Release|Any CPU
		{5A99D285-1C9E-4E3D-B2B8-B1940695CF62}.Debug|Any CPU.ActiveCfg = Debug|Any CPU
		{5A99D285-1C9E-4E3D-B2B8-B1940695CF62}.Debug|Any CPU.Build.0 = Debug|Any CPU
		{5A99D285-1C9E-4E3D-B2B8-B1940695CF62}.Release|Any CPU.ActiveCfg = Release|Any CPU
		{5A99D285-1C9E-4E3D-B2B8-B1940695CF62}.Release|Any CPU.Build.0 = Release|Any CPU
	EndGlobalSection
	GlobalSection(SolutionProperties) = preSolution
		HideSolutionNode = FALSE
	EndGlobalSection
	GlobalSection(ExtensibilityGlobals) = postSolution
		SolutionGuid = {9CC5DE4A-C9F0-45A4-90B4-86D2F9700F54}
	EndGlobalSection
EndGlobal
